
Microsoft Visual Studio Solution File, Format Version 12.00
# Visual Studio 2015
Project("{FAE04EC0-301F-11D3-BF4B-00C04F79EFBC}") = "[Unity] RTNetClient.CSharp.Plugins", "[Unity] RTNetClient.CSharp.Plugins.csproj", "{42B870C4-73E9-167A-5472-081DFAD9E75A}"
EndProject
Project("{FAE04EC0-301F-11D3-BF4B-00C04F79EFBC}") = "[Unity] RTNetClient.CSharp", "[Unity] RTNetClient.CSharp.csproj", "{5EF6B4DF-4437-FE00-2ED4-9BCCBC3DFCF5}"
EndProject
Project("{FAE04EC0-301F-11D3-BF4B-00C04F79EFBC}") = "[Unity] RTNetClient.CSharp.Editor", "[Unity] RTNetClient.CSharp.Editor.csproj", "{99FB33A7-D9E6-7E6C-9DF2-43F6B8F8AED7}"
EndProject
Global
	GlobalSection(SolutionConfigurationPlatforms) = preSolution
		Debug|Any CPU = Debug|Any CPU
		Release|Any CPU = Release|Any CPU
	EndGlobalSection
	GlobalSection(ProjectConfigurationPlatforms) = postSolution
		{42B870C4-73E9-167A-5472-081DFAD9E75A}.Debug|Any CPU.ActiveCfg = Debug|Any CPU
		{42B870C4-73E9-167A-5472-081DFAD9E75A}.Debug|Any CPU.Build.0 = Debug|Any CPU
		{42B870C4-73E9-167A-5472-081DFAD9E75A}.Release|Any CPU.ActiveCfg = Release|Any CPU
		{42B870C4-73E9-167A-5472-081DFAD9E75A}.Release|Any CPU.Build.0 = Release|Any CPU
		{5EF6B4DF-4437-FE00-2ED4-9BCCBC3DFCF5}.Debug|Any CPU.ActiveCfg = Debug|Any CPU
		{5EF6B4DF-4437-FE00-2ED4-9BCCBC3DFCF5}.Debug|Any CPU.Build.0 = Debug|Any CPU
		{5EF6B4DF-4437-FE00-2ED4-9BCCBC3DFCF5}.Release|Any CPU.ActiveCfg = Release|Any CPU
		{5EF6B4DF-4437-FE00-2ED4-9BCCBC3DFCF5}.Release|Any CPU.Build.0 = Release|Any CPU
		{99FB33A7-D9E6-7E6C-9DF2-43F6B8F8AED7}.Debug|Any CPU.ActiveCfg = Debug|Any CPU
		{99FB33A7-D9E6-7E6C-9DF2-43F6B8F8AED7}.Debug|Any CPU.Build.0 = Debug|Any CPU
		{99FB33A7-D9E6-7E6C-9DF2-43F6B8F8AED7}.Release|Any CPU.ActiveCfg = Release|Any CPU
		{99FB33A7-D9E6-7E6C-9DF2-43F6B8F8AED7}.Release|Any CPU.Build.0 = Release|Any CPU
	EndGlobalSection
	GlobalSection(SolutionProperties) = preSolution
		HideSolutionNode = FALSE
	EndGlobalSection
EndGlobal
