
Microsoft Visual Studio Solution File, Format Version 12.00
# Visual Studio 2015
Project("{FAE04EC0-301F-11D3-BF4B-00C04F79EFBC}") = "[Unity C#] RTNet Client.CSharp", "[Unity C#] RTNet Client.CSharp.csproj", "{66BBF89D-696F-7BD3-EF3A-7AB49A54A013}"
EndProject
Global
	GlobalSection(SolutionConfigurationPlatforms) = preSolution
		Debug|Any CPU = Debug|Any CPU
		Release|Any CPU = Release|Any CPU
	EndGlobalSection
	GlobalSection(ProjectConfigurationPlatforms) = postSolution
		{66BBF89D-696F-7BD3-EF3A-7AB49A54A013}.Debug|Any CPU.ActiveCfg = Debug|Any CPU
		{66BBF89D-696F-7BD3-EF3A-7AB49A54A013}.Debug|Any CPU.Build.0 = Debug|Any CPU
		{66BBF89D-696F-7BD3-EF3A-7AB49A54A013}.Release|Any CPU.ActiveCfg = Release|Any CPU
		{66BBF89D-696F-7BD3-EF3A-7AB49A54A013}.Release|Any CPU.Build.0 = Release|Any CPU
	EndGlobalSection
	GlobalSection(SolutionProperties) = preSolution
		HideSolutionNode = FALSE
	EndGlobalSection
EndGlobal
